
Microsoft Visual Studio Solution File, Format Version 12.00
# Visual Studio Version 16
VisualStudioVersion = 16.0.30320.27
MinimumVisualStudioVersion = 10.0.40219.1
Project("{FAE04EC0-301F-11D3-BF4B-00C04F79EFBC}") = "FroniusReader", "FroniusReader.csproj", "{4FAE8152-7D59-4B96-B57D-B3614BAF964E}"
EndProject
Global
	GlobalSection(SolutionConfigurationPlatforms) = preSolution
		Debug|Any CPU = Debug|Any CPU
		Release|Any CPU = Release|Any CPU
	EndGlobalSection
	GlobalSection(ProjectConfigurationPlatforms) = postSolution
		{4FAE8152-7D59-4B96-B57D-B3614BAF964E}.Debug|Any CPU.ActiveCfg = Debug|Any CPU
		{4FAE8152-7D59-4B96-B57D-B3614BAF964E}.Debug|Any CPU.Build.0 = Debug|Any CPU
		{4FAE8152-7D59-4B96-B57D-B3614BAF964E}.Release|Any CPU.ActiveCfg = Release|Any CPU
		{4FAE8152-7D59-4B96-B57D-B3614BAF964E}.Release|Any CPU.Build.0 = Release|Any CPU
	EndGlobalSection
	GlobalSection(SolutionProperties) = preSolution
		HideSolutionNode = FALSE
	EndGlobalSection
	GlobalSection(ExtensibilityGlobals) = postSolution
		SolutionGuid = {E399F687-4F3F-4857-A87A-9DEB794430EF}
	EndGlobalSection
EndGlobal
